
Microsoft Visual Studio Solution File, Format Version 12.00
# Visual Studio 15
VisualStudioVersion = 15.0.28307.271
MinimumVisualStudioVersion = 10.0.40219.1
Project("{FAE04EC0-301F-11D3-BF4B-00C04F79EFBC}") = "AutoDashboard.UniversalApp", "AutoDashboard.UniversalApp\AutoDashboard.UniversalApp.csproj", "{57875CD7-DAE5-40AD-8B51-7E4836F0E5F5}"
EndProject
Project("{9A19103F-16F7-4668-BE54-9A1E7A4F7556}") = "OBD.NET.Common", "OBD.NET.Common\OBD.NET.Common.csproj", "{1ED89AA2-71AC-4113-957E-BA3F8EB37416}"
EndProject
Project("{FAE04EC0-301F-11D3-BF4B-00C04F79EFBC}") = "OBD.NET.Universal", "OBD.NET.Universal\OBD.NET.Universal.csproj", "{E0EAFF82-C514-4827-8F49-F1928EBA8E73}"
EndProject
Global
	GlobalSection(SolutionConfigurationPlatforms) = preSolution
		Debug|Any CPU = Debug|Any CPU
		Debug|ARM = Debug|ARM
		Debug|ARM64 = Debug|ARM64
		Debug|x64 = Debug|x64
		Debug|x86 = Debug|x86
		Release|Any CPU = Release|Any CPU
		Release|ARM = Release|ARM
		Release|ARM64 = Release|ARM64
		Release|x64 = Release|x64
		Release|x86 = Release|x86
	EndGlobalSection
	GlobalSection(ProjectConfigurationPlatforms) = postSolution
		{57875CD7-DAE5-40AD-8B51-7E4836F0E5F5}.Debug|Any CPU.ActiveCfg = Debug|x86
		{57875CD7-DAE5-40AD-8B51-7E4836F0E5F5}.Debug|ARM.ActiveCfg = Debug|ARM
		{57875CD7-DAE5-40AD-8B51-7E4836F0E5F5}.Debug|ARM.Build.0 = Debug|ARM
		{57875CD7-DAE5-40AD-8B51-7E4836F0E5F5}.Debug|ARM.Deploy.0 = Debug|ARM
		{57875CD7-DAE5-40AD-8B51-7E4836F0E5F5}.Debug|ARM64.ActiveCfg = Debug|ARM64
		{57875CD7-DAE5-40AD-8B51-7E4836F0E5F5}.Debug|ARM64.Build.0 = Debug|ARM64
		{57875CD7-DAE5-40AD-8B51-7E4836F0E5F5}.Debug|ARM64.Deploy.0 = Debug|ARM64
		{57875CD7-DAE5-40AD-8B51-7E4836F0E5F5}.Debug|x64.ActiveCfg = Debug|x64
		{57875CD7-DAE5-40AD-8B51-7E4836F0E5F5}.Debug|x64.Build.0 = Debug|x64
		{57875CD7-DAE5-40AD-8B51-7E4836F0E5F5}.Debug|x64.Deploy.0 = Debug|x64
		{57875CD7-DAE5-40AD-8B51-7E4836F0E5F5}.Debug|x86.ActiveCfg = Debug|x86
		{57875CD7-DAE5-40AD-8B51-7E4836F0E5F5}.Debug|x86.Build.0 = Debug|x86
		{57875CD7-DAE5-40AD-8B51-7E4836F0E5F5}.Debug|x86.Deploy.0 = Debug|x86
		{57875CD7-DAE5-40AD-8B51-7E4836F0E5F5}.Release|Any CPU.ActiveCfg = Release|x86
		{57875CD7-DAE5-40AD-8B51-7E4836F0E5F5}.Release|ARM.ActiveCfg = Release|ARM
		{57875CD7-DAE5-40AD-8B51-7E4836F0E5F5}.Release|ARM.Build.0 = Release|ARM
		{57875CD7-DAE5-40AD-8B51-7E4836F0E5F5}.Release|ARM.Deploy.0 = Release|ARM
		{57875CD7-DAE5-40AD-8B51-7E4836F0E5F5}.Release|ARM64.ActiveCfg = Release|ARM64
		{57875CD7-DAE5-40AD-8B51-7E4836F0E5F5}.Release|ARM64.Build.0 = Release|ARM64
		{57875CD7-DAE5-40AD-8B51-7E4836F0E5F5}.Release|ARM64.Deploy.0 = Release|ARM64
		{57875CD7-DAE5-40AD-8B51-7E4836F0E5F5}.Release|x64.ActiveCfg = Release|x64
		{57875CD7-DAE5-40AD-8B51-7E4836F0E5F5}.Release|x64.Build.0 = Release|x64
		{57875CD7-DAE5-40AD-8B51-7E4836F0E5F5}.Release|x64.Deploy.0 = Release|x64
		{57875CD7-DAE5-40AD-8B51-7E4836F0E5F5}.Release|x86.ActiveCfg = Release|x86
		{57875CD7-DAE5-40AD-8B51-7E4836F0E5F5}.Release|x86.Build.0 = Release|x86
		{57875CD7-DAE5-40AD-8B51-7E4836F0E5F5}.Release|x86.Deploy.0 = Release|x86
		{1ED89AA2-71AC-4113-957E-BA3F8EB37416}.Debug|Any CPU.ActiveCfg = Debug|Any CPU
		{1ED89AA2-71AC-4113-957E-BA3F8EB37416}.Debug|Any CPU.Build.0 = Debug|Any CPU
		{1ED89AA2-71AC-4113-957E-BA3F8EB37416}.Debug|ARM.ActiveCfg = Debug|Any CPU
		{1ED89AA2-71AC-4113-957E-BA3F8EB37416}.Debug|ARM.Build.0 = Debug|Any CPU
		{1ED89AA2-71AC-4113-957E-BA3F8EB37416}.Debug|ARM64.ActiveCfg = Debug|Any CPU
		{1ED89AA2-71AC-4113-957E-BA3F8EB37416}.Debug|ARM64.Build.0 = Debug|Any CPU
		{1ED89AA2-71AC-4113-957E-BA3F8EB37416}.Debug|x64.ActiveCfg = Debug|Any CPU
		{1ED89AA2-71AC-4113-957E-BA3F8EB37416}.Debug|x64.Build.0 = Debug|Any CPU
		{1ED89AA2-71AC-4113-957E-BA3F8EB37416}.Debug|x86.ActiveCfg = Debug|Any CPU
		{1ED89AA2-71AC-4113-957E-BA3F8EB37416}.Debug|x86.Build.0 = Debug|Any CPU
		{1ED89AA2-71AC-4113-957E-BA3F8EB37416}.Release|Any CPU.ActiveCfg = Release|Any CPU
		{1ED89AA2-71AC-4113-957E-BA3F8EB37416}.Release|Any CPU.Build.0 = Release|Any CPU
		{1ED89AA2-71AC-4113-957E-BA3F8EB37416}.Release|ARM.ActiveCfg = Release|Any CPU
		{1ED89AA2-71AC-4113-957E-BA3F8EB37416}.Release|ARM.Build.0 = Release|Any CPU
		{1ED89AA2-71AC-4113-957E-BA3F8EB37416}.Release|ARM64.ActiveCfg = Release|Any CPU
		{1ED89AA2-71AC-4113-957E-BA3F8EB37416}.Release|ARM64.Build.0 = Release|Any CPU
		{1ED89AA2-71AC-4113-957E-BA3F8EB37416}.Release|x64.ActiveCfg = Release|Any CPU
		{1ED89AA2-71AC-4113-957E-BA3F8EB37416}.Release|x64.Build.0 = Release|Any CPU
		{1ED89AA2-71AC-4113-957E-BA3F8EB37416}.Release|x86.ActiveCfg = Release|Any CPU
		{1ED89AA2-71AC-4113-957E-BA3F8EB37416}.Release|x86.Build.0 = Release|Any CPU
		{E0EAFF82-C514-4827-8F49-F1928EBA8E73}.Debug|Any CPU.ActiveCfg = Debug|Any CPU
		{E0EAFF82-C514-4827-8F49-F1928EBA8E73}.Debug|Any CPU.Build.0 = Debug|Any CPU
		{E0EAFF82-C514-4827-8F49-F1928EBA8E73}.Debug|ARM.ActiveCfg = Debug|ARM
		{E0EAFF82-C514-4827-8F49-F1928EBA8E73}.Debug|ARM.Build.0 = Debug|ARM
		{E0EAFF82-C514-4827-8F49-F1928EBA8E73}.Debug|ARM64.ActiveCfg = Debug|Any CPU
		{E0EAFF82-C514-4827-8F49-F1928EBA8E73}.Debug|ARM64.Build.0 = Debug|Any CPU
		{E0EAFF82-C514-4827-8F49-F1928EBA8E73}.Debug|x64.ActiveCfg = Debug|x64
		{E0EAFF82-C514-4827-8F49-F1928EBA8E73}.Debug|x64.Build.0 = Debug|x64
		{E0EAFF82-C514-4827-8F49-F1928EBA8E73}.Debug|x86.ActiveCfg = Debug|x86
		{E0EAFF82-C514-4827-8F49-F1928EBA8E73}.Debug|x86.Build.0 = Debug|x86
		{E0EAFF82-C514-4827-8F49-F1928EBA8E73}.Release|Any CPU.ActiveCfg = Release|Any CPU
		{E0EAFF82-C514-4827-8F49-F1928EBA8E73}.Release|Any CPU.Build.0 = Release|Any CPU
		{E0EAFF82-C514-4827-8F49-F1928EBA8E73}.Release|ARM.ActiveCfg = Release|ARM
		{E0EAFF82-C514-4827-8F49-F1928EBA8E73}.Release|ARM.Build.0 = Release|ARM
		{E0EAFF82-C514-4827-8F49-F1928EBA8E73}.Release|ARM64.ActiveCfg = Release|Any CPU
		{E0EAFF82-C514-4827-8F49-F1928EBA8E73}.Release|ARM64.Build.0 = Release|Any CPU
		{E0EAFF82-C514-4827-8F49-F1928EBA8E73}.Release|x64.ActiveCfg = Release|x64
		{E0EAFF82-C514-4827-8F49-F1928EBA8E73}.Release|x64.Build.0 = Release|x64
		{E0EAFF82-C514-4827-8F49-F1928EBA8E73}.Release|x86.ActiveCfg = Release|x86
		{E0EAFF82-C514-4827-8F49-F1928EBA8E73}.Release|x86.Build.0 = Release|x86
	EndGlobalSection
	GlobalSection(SolutionProperties) = preSolution
		HideSolutionNode = FALSE
	EndGlobalSection
	GlobalSection(ExtensibilityGlobals) = postSolution
		SolutionGuid = {FC32F6DB-BE59-48C0-80EA-65F7921F7D2B}
	EndGlobalSection
EndGlobal
